
Microsoft Visual Studio Solution File, Format Version 12.00
# Visual Studio Version 17
VisualStudioVersion = 17.1.32414.318
MinimumVisualStudioVersion = 10.0.40219.1
Project("{FAE04EC0-301F-11D3-BF4B-00C04F79EFBC}") = "Round", "Round\Round.csproj", "{BB80C1CE-E190-4402-B82B-38E5C667108A}"
EndProject
Global
	GlobalSection(SolutionConfigurationPlatforms) = preSolution
		Debug|Any CPU = Debug|Any CPU
		Release|Any CPU = Release|Any CPU
	EndGlobalSection
	GlobalSection(ProjectConfigurationPlatforms) = postSolution
		{BB80C1CE-E190-4402-B82B-38E5C667108A}.Debug|Any CPU.ActiveCfg = Debug|Any CPU
		{BB80C1CE-E190-4402-B82B-38E5C667108A}.Debug|Any CPU.Build.0 = Debug|Any CPU
		{BB80C1CE-E190-4402-B82B-38E5C667108A}.Release|Any CPU.ActiveCfg = Release|Any CPU
		{BB80C1CE-E190-4402-B82B-38E5C667108A}.Release|Any CPU.Build.0 = Release|Any CPU
	EndGlobalSection
	GlobalSection(SolutionProperties) = preSolution
		HideSolutionNode = FALSE
	EndGlobalSection
	GlobalSection(ExtensibilityGlobals) = postSolution
		SolutionGuid = {72B6A098-F79D-4D20-8252-44A337157487}
	EndGlobalSection
EndGlobal
